<?xml version="1.0" encoding="utf-8"?>
<Project ToolsVersion="4.0" xmlns="http://schemas.microsoft.com/developer/msbuild/2003">
  <ItemGroup>
    <Filter Include="Source Files">
      <UniqueIdentifier>{4FC737F1-C7A5-4376-A066-2A32D752A2FF}</UniqueIdentifier>
      <Extensions>cpp;c;cc;cxx;def;odl;idl;hpj;bat;asm;asmx</Extensions>
    </Filter>
    <Filter Include="Header Files">
      <UniqueIdentifier>{93995380-89BD-4b04-88EB-625FBE52EBFB}</UniqueIdentifier>
      <Extensions>h;hh;hpp;hxx;hm;inl;inc;xsd</Extensions>
    </Filter>
    <Filter Include="Resource Files">
      <UniqueIdentifier>{67DA6AB6-F800-4c08-8B7A-83BB121AAD01}</UniqueIdentifier>
      <Extensions>rc;ico;cur;bmp;dlg;rc2;rct;bin;rgs;gif;jpg;jpeg;jpe;resx;tiff;tif;png;wav;mfcribbon-ms</Extensions>
    </Filter>
    <Filter Include="Inline Files">
      <UniqueIdentifier>{ce1867f2-ce80-41cd-8949-68532a9eddd3}</UniqueIdentifier>
    </Filter>
    <Filter Include="Interfaces">
      <UniqueIdentifier>{9d75fc0a-cb68-476e-be18-482e282031e1}</UniqueIdentifier>
    </Filter>
  </ItemGroup>
  <ItemGroup>
    <ClCompile Include="Clock.cpp">
      <Filter>Source Files</Filter>
    </ClCompile>
    <ClCompile Include="CommandSet.cpp">
      <Filter>Source Files</Filter>
    </ClCompile>
    <ClCompile Include="CommandDecrement.cpp">
      <Filter>Source Files</Filter>
    </ClCompile>
    <ClCompile Include="CommandHelp.cpp">
      <Filter>Source Files</Filter>
    </ClCompile>
    <ClCompile Include="CommandIncrement.cpp">
      <Filter>Source Files</Filter>
    </ClCompile>
    <ClCompile Include="CommandRedo.cpp">
      <Filter>Source Files</Filter>
    </ClCompile>
    <ClCompile Include="CommandShow.cpp">
      <Filter>Source Files</Filter>
    </ClCompile>
    <ClCompile Include="CommandUndo.cpp">
      <Filter>Source Files</Filter>
    </ClCompile>
    <ClCompile Include="CommandReset.cpp">
      <Filter>Source Files</Filter>
    </ClCompile>
    <ClCompile Include="main.cpp">
      <Filter>Source Files</Filter>
    </ClCompile>
    <ClCompile Include="ClockWindow.cpp">
      <Filter>Source Files</Filter>
    </ClCompile>
    <ClCompile Include="Painter.cpp">
      <Filter>Source Files</Filter>
    </ClCompile>
  </ItemGroup>
  <ItemGroup>
    <ClInclude Include="Singleton.hpp">
      <Filter>Header Files</Filter>
    </ClInclude>
    <ClInclude Include="Clock.hpp">
      <Filter>Header Files</Filter>
    </ClInclude>
    <ClInclude Include="CommandSet.hpp">
      <Filter>Header Files</Filter>
    </ClInclude>
    <ClInclude Include="CommandDecrement.hpp">
      <Filter>Header Files</Filter>
    </ClInclude>
    <ClInclude Include="CommandHelp.hpp">
      <Filter>Header Files</Filter>
    </ClInclude>
    <ClInclude Include="CommandIncrement.hpp">
      <Filter>Header Files</Filter>
    </ClInclude>
    <ClInclude Include="CommandRedo.hpp">
      <Filter>Header Files</Filter>
    </ClInclude>
    <ClInclude Include="CommandShow.hpp">
      <Filter>Header Files</Filter>
    </ClInclude>
    <ClInclude Include="CommandUndo.hpp">
      <Filter>Header Files</Filter>
    </ClInclude>
    <ClInclude Include="ICommand.hpp">
      <Filter>Interfaces</Filter>
    </ClInclude>
    <ClInclude Include="IObserver.hpp">
      <Filter>Interfaces</Filter>
    </ClInclude>
    <ClInclude Include="Types.hpp">
      <Filter>Header Files</Filter>
    </ClInclude>
    <ClInclude Include="CommandReset.hpp">
      <Filter>Header Files</Filter>
    </ClInclude>
    <ClInclude Include="ClockWindow.hpp">
      <Filter>Header Files</Filter>
    </ClInclude>
    <ClInclude Include="Painter.hpp">
      <Filter>Header Files</Filter>
    </ClInclude>
    <ClInclude Include="IDrawable.hpp">
      <Filter>Interfaces</Filter>
    </ClInclude>
  </ItemGroup>
  <ItemGroup>
    <None Include="Singleton.inl">
      <Filter>Inline Files</Filter>
    </None>
  </ItemGroup>
</Project>